<?xml version="1.0" encoding="utf-8"?>
<Project ToolsVersion="4.0" xmlns="http://schemas.microsoft.com/developer/msbuild/2003">
  <ItemGroup>
    <ApplicationDefinition Include="App.xaml" />
  </ItemGroup>
  <ItemGroup>
    <Page Include="MyMusic.xaml">
      <Filter>Views</Filter>
    </Page>
    <Page Include="Player.xaml">
      <Filter>Views</Filter>
    </Page>
    <Page Include="Settings.xaml">
      <Filter>Views</Filter>
    </Page>
    <Page Include="SearchPage.xaml">
      <Filter>Views</Filter>
    </Page>
    <Page Include="MainPage.xaml">
      <Filter>Views</Filter>
    </Page>
    <Page Include="SongItemDialog.xaml">
      <Filter>Views</Filter>
    </Page>
    <Page Include="ArtistView.xaml">
      <Filter>Views</Filter>
    </Page>
    <Page Include="CollectionView.xaml">
      <Filter>Views</Filter>
    </Page>
    <Page Include="ColumnHeaderSettingDialog.xaml">
      <Filter>Views\Controls</Filter>
    </Page>
    <Page Include="HitsoundPanel.xaml">
      <Filter>Views</Filter>
    </Page>
    <Page Include="HitsoundSample.xaml">
      <Filter>Views\Controls</Filter>
    </Page>
  </ItemGroup>
  <ItemGroup>
    <Midl Include="App.idl" />
    <Midl Include="ViewModel.Settings.idl">
      <Filter>ViewModels</Filter>
    </Midl>
    <Midl Include="ViewModel.OsuPathItem.idl">
      <Filter>ViewModels</Filter>
    </Midl>
    <Midl Include="ViewModel.SongItem.idl">
      <Filter>ViewModels</Filter>
    </Midl>
    <Midl Include="ViewModel.MyMusic.idl">
      <Filter>ViewModels</Filter>
    </Midl>
    <Midl Include="ViewModel.Search.idl">
      <Filter>ViewModels</Filter>
    </Midl>
    <Midl Include="ViewModel.Player.idl">
      <Filter>ViewModels</Filter>
    </Midl>
    <Midl Include="ViewModel.CollectionItem.idl">
      <Filter>ViewModels</Filter>
    </Midl>
    <Midl Include="ViewModel.Recent.idl">
      <Filter>ViewModels</Filter>
    </Midl>
    <Midl Include="SettingContainer.idl">
      <Filter>Views\Controls</Filter>
    </Midl>
    <Midl Include="ComboBoxToStringConverter.idl">
      <Filter>Converter</Filter>
    </Midl>
    <Midl Include="LengthToStringConverter.idl">
      <Filter>Converter</Filter>
    </Midl>
    <Midl Include="ViewModel.ColumnSetting.idl">
      <Filter>ViewModels</Filter>
    </Midl>
    <Midl Include="VolumeToIconConverter.idl">
      <Filter>Converter</Filter>
    </Midl>
    <Midl Include="ViewModel.HitsoundPanel.idl">
      <Filter>ViewModels</Filter>
    </Midl>
    <Midl Include="ReferenceToVisibilityConverter.idl">
      <Filter>Converter</Filter>
    </Midl>
    <Midl Include="ReferenceToBoolConverter.idl">
      <Filter>Converter</Filter>
    </Midl>
    <Midl Include="BoolToVisibilityConverter.idl">
      <Filter>Converter</Filter>
    </Midl>
  </ItemGroup>
  <ItemGroup>
    <ClCompile Include="pch.cpp" />
    <ClCompile Include="App.cpp" />
    <ClCompile Include="$(GeneratedFilesDir)module.g.cpp" />
    <ClCompile Include="Model.Folders.cpp">
      <Filter>Models</Filter>
    </ClCompile>
    <ClCompile Include="BackgroundAcrylic.cpp">
      <Filter>Utility</Filter>
    </ClCompile>
    <ClCompile Include="Utils.ThemeHelper.cpp">
      <Filter>Utility</Filter>
    </ClCompile>
    <ClCompile Include="Model.SongItem.cpp">
      <Filter>Models</Filter>
    </ClCompile>
    <ClCompile Include="Model.MyMusic.cpp">
      <Filter>Models</Filter>
    </ClCompile>
    <ClCompile Include="DataLoader.cpp">
      <Filter>Models</Filter>
    </ClCompile>
    <ClCompile Include="Model.Search.cpp">
      <Filter>Models</Filter>
    </ClCompile>
    <ClCompile Include="Model.CollectionItem.cpp">
      <Filter>Models</Filter>
    </ClCompile>
    <ClCompile Include="ViewModelLocator.cpp" />
    <ClCompile Include="Model.Skin.cpp">
      <Filter>Models</Filter>
    </ClCompile>
    <ClCompile Include="Model.Recent.cpp">
      <Filter>Models</Filter>
    </ClCompile>
  </ItemGroup>
  <ItemGroup>
    <ClInclude Include="pch.h" />
    <ClInclude Include="OsuParser.hpp" />
    <ClInclude Include="PlayMods.h">
      <Filter>Player</Filter>
    </ClInclude>
    <ClInclude Include="Model.Folders.h">
      <Filter>Models</Filter>
    </ClInclude>
    <ClInclude Include="BackgroundAcrylic.h">
      <Filter>Utility</Filter>
    </ClInclude>
    <ClInclude Include="Utils.ThemeHelper.h">
      <Filter>Utility</Filter>
    </ClInclude>
    <ClInclude Include="Utils.h">
      <Filter>Utility</Filter>
    </ClInclude>
    <ClInclude Include="Model.SongItem.h">
      <Filter>Models</Filter>
    </ClInclude>
    <ClInclude Include="Model.MyMusic.h">
      <Filter>Models</Filter>
    </ClInclude>
    <ClInclude Include="DataLoader.h">
      <Filter>Models</Filter>
    </ClInclude>
    <ClInclude Include="Model.Search.h">
      <Filter>Models</Filter>
    </ClInclude>
    <ClInclude Include="Utils.Log.hpp">
      <Filter>Utility</Filter>
    </ClInclude>
    <ClInclude Include="Utils.FileStreamAdaptor.hpp">
      <Filter>Utility</Filter>
    </ClInclude>
    <ClInclude Include="OsuDBParser.hpp" />
    <ClInclude Include="Model.CollectionItem.h">
      <Filter>Models</Filter>
    </ClInclude>
    <ClInclude Include="ViewModelLocator.h" />
    <ClInclude Include="Utils.PropertyChangeHelper.hpp">
      <Filter>Utility</Filter>
    </ClInclude>
    <ClInclude Include="Utils.Lazy.hpp">
      <Filter>Utility</Filter>
    </ClInclude>
    <ClInclude Include="OsuSkinParser.hpp" />
    <ClInclude Include="Model.Skin.h">
      <Filter>Models</Filter>
    </ClInclude>
    <ClInclude Include="Model.Recent.h">
      <Filter>Models</Filter>
    </ClInclude>
  </ItemGroup>
  <ItemGroup>
    <Image Include="Assets\Wide310x150Logo.scale-200.png">
      <Filter>Assets</Filter>
    </Image>
    <Image Include="Assets\StoreLogo.png">
      <Filter>Assets</Filter>
    </Image>
    <Image Include="Assets\Square150x150Logo.scale-200.png">
      <Filter>Assets</Filter>
    </Image>
    <Image Include="Assets\Square44x44Logo.targetsize-24_altform-unplated.png">
      <Filter>Assets</Filter>
    </Image>
    <Image Include="Assets\Square44x44Logo.scale-200.png">
      <Filter>Assets</Filter>
    </Image>
    <Image Include="Assets\SplashScreen.scale-200.png">
      <Filter>Assets</Filter>
    </Image>
    <Image Include="Assets\LockScreenLogo.scale-200.png">
      <Filter>Assets</Filter>
    </Image>
    <Image Include="Assets\osuLogo.png">
      <Filter>Assets</Filter>
    </Image>
    <Image Include="Assets\githubLogo.png">
      <Filter>Assets</Filter>
    </Image>
  </ItemGroup>
  <ItemGroup>
    <AppxManifest Include="Package.appxmanifest" />
  </ItemGroup>
  <ItemGroup>
    <Filter Include="Assets">
      <UniqueIdentifier>{e48dc53e-40b1-40cb-970a-f89935452892}</UniqueIdentifier>
    </Filter>
    <Filter Include="Player">
      <UniqueIdentifier>{a952e0b4-74ee-461b-bd7d-76035fd35751}</UniqueIdentifier>
    </Filter>
    <Filter Include="Views">
      <UniqueIdentifier>{1945be92-64f7-42c8-b390-086e09db1657}</UniqueIdentifier>
    </Filter>
    <Filter Include="Models">
      <UniqueIdentifier>{097c9c9f-7aa6-4af7-afd1-c79db9a4a54c}</UniqueIdentifier>
    </Filter>
    <Filter Include="ViewModels">
      <UniqueIdentifier>{263bdbed-569b-498f-8459-3d0c15ca40be}</UniqueIdentifier>
    </Filter>
    <Filter Include="Utility">
      <UniqueIdentifier>{40870ad5-96a8-480d-bc1f-80db807b6b64}</UniqueIdentifier>
    </Filter>
    <Filter Include="Strings">
      <UniqueIdentifier>{86d7e711-26e6-4232-9cb1-4455d3ca3d44}</UniqueIdentifier>
    </Filter>
    <Filter Include="Views\Controls">
      <UniqueIdentifier>{1aebe429-de1d-47ab-b009-cb9920bcd227}</UniqueIdentifier>
    </Filter>
    <Filter Include="Converter">
      <UniqueIdentifier>{59270dd9-77dd-48aa-8386-89f43f5c7153}</UniqueIdentifier>
    </Filter>
    <Filter Include="Strings\en-US">
      <UniqueIdentifier>{3308656d-8561-48ab-909a-d4a7f802d00a}</UniqueIdentifier>
    </Filter>
    <Filter Include="Strings\zh-CN">
      <UniqueIdentifier>{dfc1d6b7-28aa-4ee2-89e0-1424d1dee1e1}</UniqueIdentifier>
    </Filter>
  </ItemGroup>
  <ItemGroup>
    <None Include="PropertySheet.props" />
    <None Include="packages.config" />
    <None Include="..\README.md" />
  </ItemGroup>
  <ItemGroup>
    <PRIResource Include="Strings\en-US\Resources.resw">
      <Filter>Strings\en-US</Filter>
    </PRIResource>
    <PRIResource Include="Strings\zh-CN\Resources.resw">
      <Filter>Strings\zh-CN</Filter>
    </PRIResource>
  </ItemGroup>
</Project>